PODS:
  - Alamofire (4.8.0)
  - AlamofireImage (3.5.0):
    - Alamofire (~> 4.8)
  - Cache (5.2.0)
  - CollectionViewSlantedLayout (3.1.1)
  - PureLayout (3.1.4)
  - Realm (3.13.1):
    - Realm/Headers (= 3.13.1)
  - Realm/Headers (3.13.1)
  - RealmSwift (3.13.1):
    - Realm (= 3.13.1)
  - SwiftyJSON (4.2.0)

DEPENDENCIES:
  - AlamofireImage
  - Cache
  - CollectionViewSlantedLayout
  - PureLayout
  - RealmSwift (~> 3.13.1)
  - SwiftyJSON (~> 4.0)

SPEC REPOS:
  https://github.com/cocoapods/specs.git:
    - Alamofire
    - AlamofireImage
    - Cache
    - CollectionViewSlantedLayout
    - PureLayout
    - Realm
    - RealmSwift
    - SwiftyJSON

SPEC CHECKSUMS:
  Alamofire: 3ec537f71edc9804815215393ae2b1a8ea33a844
  AlamofireImage: 1aea346f4dda2f6c67622fa5a89fcbb80d79cc16
  Cache: 807c5d86d01a177f06ede9865add3aea269bbfd4
  CollectionViewSlantedLayout: 24397455acd2461960bc45d394e0ef99c17d03ce
  PureLayout: f08c01b8dec00bb14a1fefa3de4c7d9c265df85e
  Realm: 50071da38fe079e0735e47c9f2eae738c68c5996
  RealmSwift: 8a1e6a02b7a08cd17a31e3115143fb69fe5f3fb9
  SwiftyJSON: c4bcba26dd9ec7a027fc8eade48e2c911f229e96

PODFILE CHECKSUM: 535619161fe78770399bedca5eebaa7a5e3e8cf6

COCOAPODS: 1.5.3
