// !$*UTF8*$!
{
	archiveVersion = 1;
	classes = {
	};
	objectVersion = 50;
	objects = {

/* Begin PBXBuildFile section */
		861067A0F6F540EE0EB4889F /* Pods_ABA_Music.framework in Frameworks */ = {isa = PBXBuildFile; fileRef = E05B3E277D1E98033BCBA05D /* Pods_ABA_Music.framework */; };
		8B0CEE4321B54C2700C39C58 /* Entities.swift in Sources */ = {isa = PBXBuildFile; fileRef = 8B0CEE4221B54C2700C39C58 /* Entities.swift */; };
		8B0EFD0821960BF80024DAA2 /* ArtistCollectionViewCell.swift in Sources */ = {isa = PBXBuildFile; fileRef = 8B0EFD0721960BF80024DAA2 /* ArtistCollectionViewCell.swift */; };
		8B0EFD0A21960E5D0024DAA2 /* OlderTrackCollectionViewCell.swift in Sources */ = {isa = PBXBuildFile; fileRef = 8B0EFD0921960E5D0024DAA2 /* OlderTrackCollectionViewCell.swift */; };
		8B4699BC21975EE100A82349 /* TrackViewController.swift in Sources */ = {isa = PBXBuildFile; fileRef = 8B4699BB21975EE100A82349 /* TrackViewController.swift */; };
		8BA3CDD5219761CC005264D4 /* PlayerView.swift in Sources */ = {isa = PBXBuildFile; fileRef = 8BA3CDD4219761CB005264D4 /* PlayerView.swift */; };
		8BC33F4A21944CDE00E3759C /* AppDelegate.swift in Sources */ = {isa = PBXBuildFile; fileRef = 8BC33F4921944CDE00E3759C /* AppDelegate.swift */; };
		8BC33F5121944CDF00E3759C /* Assets.xcassets in Resources */ = {isa = PBXBuildFile; fileRef = 8BC33F5021944CDF00E3759C /* Assets.xcassets */; };
		8BC33F5421944CDF00E3759C /* LaunchScreen.storyboard in Resources */ = {isa = PBXBuildFile; fileRef = 8BC33F5221944CDF00E3759C /* LaunchScreen.storyboard */; };
		8BC33F6A21944CDF00E3759C /* ABA_MusicUITests.swift in Sources */ = {isa = PBXBuildFile; fileRef = 8BC33F6921944CDF00E3759C /* ABA_MusicUITests.swift */; };
		980D63085AC1F41300E2D288 /* Pods_ABA_MusicTests.framework in Frameworks */ = {isa = PBXBuildFile; fileRef = A3CC18A205AAE9C8AE379516 /* Pods_ABA_MusicTests.framework */; };
		C8F5679F221C9111002182EA /* RequestManager.swift in Sources */ = {isa = PBXBuildFile; fileRef = C8F56791221C9111002182EA /* RequestManager.swift */; };
		C8F567A0221C9111002182EA /* HTTPCode.swift in Sources */ = {isa = PBXBuildFile; fileRef = C8F56792221C9111002182EA /* HTTPCode.swift */; };
		C8F567A1221C9111002182EA /* NetworkHeaders.swift in Sources */ = {isa = PBXBuildFile; fileRef = C8F56793221C9111002182EA /* NetworkHeaders.swift */; };
		C8F567A2221C9111002182EA /* Result.swift in Sources */ = {isa = PBXBuildFile; fileRef = C8F56794221C9111002182EA /* Result.swift */; };
		C8F567A3221C9111002182EA /* RequestProtocol.swift in Sources */ = {isa = PBXBuildFile; fileRef = C8F56795221C9111002182EA /* RequestProtocol.swift */; };
		C8F567A4221C9111002182EA /* RequestErrors.swift in Sources */ = {isa = PBXBuildFile; fileRef = C8F56797221C9111002182EA /* RequestErrors.swift */; };
		C8F567A5221C9111002182EA /* ResultError.swift in Sources */ = {isa = PBXBuildFile; fileRef = C8F56798221C9111002182EA /* ResultError.swift */; };
		C8F567A6221C9111002182EA /* EndPoint.swift in Sources */ = {isa = PBXBuildFile; fileRef = C8F56799221C9111002182EA /* EndPoint.swift */; };
		C8F567AB221C915D002182EA /* Artist.swift in Sources */ = {isa = PBXBuildFile; fileRef = C8F567AA221C915D002182EA /* Artist.swift */; };
		C8F567AD221C93C0002182EA /* ArtistsRequest.swift in Sources */ = {isa = PBXBuildFile; fileRef = C8F567AC221C93C0002182EA /* ArtistsRequest.swift */; };
		C8F567B0221C948A002182EA /* NetworkTests.swift in Sources */ = {isa = PBXBuildFile; fileRef = C8F567AF221C948A002182EA /* NetworkTests.swift */; };
		C8F567B5221C9B82002182EA /* Artists.json in Resources */ = {isa = PBXBuildFile; fileRef = C8F567B4221C9B82002182EA /* Artists.json */; };
		C8F567BD221CA398002182EA /* ReachabilityManager.swift in Sources */ = {isa = PBXBuildFile; fileRef = C8F567BA221CA398002182EA /* ReachabilityManager.swift */; };
		C8F567BE221CA398002182EA /* Reachability.m in Sources */ = {isa = PBXBuildFile; fileRef = C8F567BB221CA398002182EA /* Reachability.m */; };
		C8F567C3221CA909002182EA /* SearchSuggestion.swift in Sources */ = {isa = PBXBuildFile; fileRef = C8F567C2221CA909002182EA /* SearchSuggestion.swift */; };
		C8F567C5221CA9A1002182EA /* SearchSuggestionsManager.swift in Sources */ = {isa = PBXBuildFile; fileRef = C8F567C4221CA9A1002182EA /* SearchSuggestionsManager.swift */; };
		C8F567C8221CAA1A002182EA /* SuggestionsTests.swift in Sources */ = {isa = PBXBuildFile; fileRef = C8F567C7221CAA1A002182EA /* SuggestionsTests.swift */; };
		C8F567CB221CB1EB002182EA /* BaseViewController.swift in Sources */ = {isa = PBXBuildFile; fileRef = C8F567CA221CB1EB002182EA /* BaseViewController.swift */; };
		C8F567CD221CB2B7002182EA /* SearchListProtocols.swift in Sources */ = {isa = PBXBuildFile; fileRef = C8F567CC221CB2B7002182EA /* SearchListProtocols.swift */; };
		C8F567CF221CB300002182EA /* SearchListViewController.swift in Sources */ = {isa = PBXBuildFile; fileRef = C8F567CE221CB300002182EA /* SearchListViewController.swift */; };
		C8F567D1221CB351002182EA /* SearchListPresenter.swift in Sources */ = {isa = PBXBuildFile; fileRef = C8F567D0221CB351002182EA /* SearchListPresenter.swift */; };
		C8F567D3221CB360002182EA /* SearchListInteractor.swift in Sources */ = {isa = PBXBuildFile; fileRef = C8F567D2221CB360002182EA /* SearchListInteractor.swift */; };
		C8F567D5221CB371002182EA /* SearchListRouter.swift in Sources */ = {isa = PBXBuildFile; fileRef = C8F567D4221CB371002182EA /* SearchListRouter.swift */; };
		C8F567D9221CB578002182EA /* UIColor.swift in Sources */ = {isa = PBXBuildFile; fileRef = C8F567D8221CB578002182EA /* UIColor.swift */; };
		C8F567DC221CBA52002182EA /* ArtistViewModel.swift in Sources */ = {isa = PBXBuildFile; fileRef = C8F567DB221CBA52002182EA /* ArtistViewModel.swift */; };
		C8F567E0221D5C60002182EA /* SearchView.swift in Sources */ = {isa = PBXBuildFile; fileRef = C8F567DF221D5C60002182EA /* SearchView.swift */; };
		C8F567E3221D5C99002182EA /* UIVIew.swift in Sources */ = {isa = PBXBuildFile; fileRef = C8F567E2221D5C99002182EA /* UIVIew.swift */; };
		C8F567ED221D6002002182EA /* InterUI-Bold.ttf in Resources */ = {isa = PBXBuildFile; fileRef = C8F567E5221D6002002182EA /* InterUI-Bold.ttf */; };
		C8F567EE221D6002002182EA /* InterUI-Black.ttf in Resources */ = {isa = PBXBuildFile; fileRef = C8F567E6221D6002002182EA /* InterUI-Black.ttf */; };
		C8F567EF221D6002002182EA /* InterUI-MediumItalic.ttf in Resources */ = {isa = PBXBuildFile; fileRef = C8F567E7221D6002002182EA /* InterUI-MediumItalic.ttf */; };
		C8F567F0221D6002002182EA /* InterUI-BlackItalic.ttf in Resources */ = {isa = PBXBuildFile; fileRef = C8F567E8221D6002002182EA /* InterUI-BlackItalic.ttf */; };
		C8F567F1221D6002002182EA /* InterUI-BoldItalic.ttf in Resources */ = {isa = PBXBuildFile; fileRef = C8F567E9221D6002002182EA /* InterUI-BoldItalic.ttf */; };
		C8F567F2221D6002002182EA /* InterUI-Medium.ttf in Resources */ = {isa = PBXBuildFile; fileRef = C8F567EA221D6002002182EA /* InterUI-Medium.ttf */; };
		C8F567F3221D6002002182EA /* InterUI-Regular.ttf in Resources */ = {isa = PBXBuildFile; fileRef = C8F567EB221D6002002182EA /* InterUI-Regular.ttf */; };
		C8F567F4221D6002002182EA /* InterUI-Italic.ttf in Resources */ = {isa = PBXBuildFile; fileRef = C8F567EC221D6002002182EA /* InterUI-Italic.ttf */; };
		C8F567F7221D60A3002182EA /* UIFont.swift in Sources */ = {isa = PBXBuildFile; fileRef = C8F567F6221D60A3002182EA /* UIFont.swift */; };
		C8F567FA221D629F002182EA /* TrackCollectionViewCell.swift in Sources */ = {isa = PBXBuildFile; fileRef = C8F567F9221D629F002182EA /* TrackCollectionViewCell.swift */; };
		C8F567FC221D64B2002182EA /* SearchListDatasource.swift in Sources */ = {isa = PBXBuildFile; fileRef = C8F567FB221D64B2002182EA /* SearchListDatasource.swift */; };
		C8F567FF221D6623002182EA /* TrackHeaderView.swift in Sources */ = {isa = PBXBuildFile; fileRef = C8F567FE221D6623002182EA /* TrackHeaderView.swift */; };
		C8F56802221D7EF1002182EA /* CustomTitleView.swift in Sources */ = {isa = PBXBuildFile; fileRef = C8F56801221D7EF1002182EA /* CustomTitleView.swift */; };
		C8F56805221D8080002182EA /* Date.swift in Sources */ = {isa = PBXBuildFile; fileRef = C8F56804221D8080002182EA /* Date.swift */; };
		C8F56809221D841C002182EA /* SuggestionTableViewCell.swift in Sources */ = {isa = PBXBuildFile; fileRef = C8F56808221D841C002182EA /* SuggestionTableViewCell.swift */; };
		C8F5680C221D843C002182EA /* SuggestionViewModel.swift in Sources */ = {isa = PBXBuildFile; fileRef = C8F5680B221D843C002182EA /* SuggestionViewModel.swift */; };
		C8F5680E221D8458002182EA /* SuggestionsView.swift in Sources */ = {isa = PBXBuildFile; fileRef = C8F5680D221D8458002182EA /* SuggestionsView.swift */; };
		C8F56810221D846F002182EA /* SuggestionsDatasource.swift in Sources */ = {isa = PBXBuildFile; fileRef = C8F5680F221D846F002182EA /* SuggestionsDatasource.swift */; };
		C8F56812221DA8A4002182EA /* TrackDetailProtocols.swift in Sources */ = {isa = PBXBuildFile; fileRef = C8F56811221DA8A4002182EA /* TrackDetailProtocols.swift */; };
		C8F56814221DA90A002182EA /* TrackDetailViewController.swift in Sources */ = {isa = PBXBuildFile; fileRef = C8F56813221DA90A002182EA /* TrackDetailViewController.swift */; };
		C8F56816221DA91A002182EA /* TrackDetailPresenter.swift in Sources */ = {isa = PBXBuildFile; fileRef = C8F56815221DA91A002182EA /* TrackDetailPresenter.swift */; };
		C8F56818221DA933002182EA /* TrackDetailInteractor.swift in Sources */ = {isa = PBXBuildFile; fileRef = C8F56817221DA933002182EA /* TrackDetailInteractor.swift */; };
		C8F5681A221DA947002182EA /* TrackDetailRouter.swift in Sources */ = {isa = PBXBuildFile; fileRef = C8F56819221DA947002182EA /* TrackDetailRouter.swift */; };
/* End PBXBuildFile section */

/* Begin PBXContainerItemProxy section */
		8BC33F5B21944CDF00E3759C /* PBXContainerItemProxy */ = {
			isa = PBXContainerItemProxy;
			containerPortal = 8BC33F3E21944CDE00E3759C /* Project object */;
			proxyType = 1;
			remoteGlobalIDString = 8BC33F4521944CDE00E3759C;
			remoteInfo = "ABA Music";
		};
		8BC33F6621944CDF00E3759C /* PBXContainerItemProxy */ = {
			isa = PBXContainerItemProxy;
			containerPortal = 8BC33F3E21944CDE00E3759C /* Project object */;
			proxyType = 1;
			remoteGlobalIDString = 8BC33F4521944CDE00E3759C;
			remoteInfo = "ABA Music";
		};
/* End PBXContainerItemProxy section */

/* Begin PBXFileReference section */
		5559EF89746914D3CD9937D8 /* Pods-ABA MusicTests.debug.xcconfig */ = {isa = PBXFileReference; includeInIndex = 1; lastKnownFileType = text.xcconfig; name = "Pods-ABA MusicTests.debug.xcconfig"; path = "Pods/Target Support Files/Pods-ABA MusicTests/Pods-ABA MusicTests.debug.xcconfig"; sourceTree = "<group>"; };
		581F2A21C841711C6B8A69A9 /* Pods-ABA MusicTests.release.xcconfig */ = {isa = PBXFileReference; includeInIndex = 1; lastKnownFileType = text.xcconfig; name = "Pods-ABA MusicTests.release.xcconfig"; path = "Pods/Target Support Files/Pods-ABA MusicTests/Pods-ABA MusicTests.release.xcconfig"; sourceTree = "<group>"; };
		71DEC0EE01917AA36C5F79A0 /* Pods-ABA Music.debug.xcconfig */ = {isa = PBXFileReference; includeInIndex = 1; lastKnownFileType = text.xcconfig; name = "Pods-ABA Music.debug.xcconfig"; path = "Pods/Target Support Files/Pods-ABA Music/Pods-ABA Music.debug.xcconfig"; sourceTree = "<group>"; };
		8128708AB1E783950E2487E6 /* Pods-ABA Music.release.xcconfig */ = {isa = PBXFileReference; includeInIndex = 1; lastKnownFileType = text.xcconfig; name = "Pods-ABA Music.release.xcconfig"; path = "Pods/Target Support Files/Pods-ABA Music/Pods-ABA Music.release.xcconfig"; sourceTree = "<group>"; };
		8B0CEE4221B54C2700C39C58 /* Entities.swift */ = {isa = PBXFileReference; lastKnownFileType = sourcecode.swift; path = Entities.swift; sourceTree = "<group>"; };
		8B0EFD0721960BF80024DAA2 /* ArtistCollectionViewCell.swift */ = {isa = PBXFileReference; lastKnownFileType = sourcecode.swift; path = ArtistCollectionViewCell.swift; sourceTree = "<group>"; };
		8B0EFD0921960E5D0024DAA2 /* OlderTrackCollectionViewCell.swift */ = {isa = PBXFileReference; lastKnownFileType = sourcecode.swift; path = OlderTrackCollectionViewCell.swift; sourceTree = "<group>"; };
		8B4699BB21975EE100A82349 /* TrackViewController.swift */ = {isa = PBXFileReference; lastKnownFileType = sourcecode.swift; path = TrackViewController.swift; sourceTree = "<group>"; };
		8BA3CDD4219761CB005264D4 /* PlayerView.swift */ = {isa = PBXFileReference; fileEncoding = 4; lastKnownFileType = sourcecode.swift; path = PlayerView.swift; sourceTree = "<group>"; };
		8BC33F4621944CDE00E3759C /* ABA Music.app */ = {isa = PBXFileReference; explicitFileType = wrapper.application; includeInIndex = 0; path = "ABA Music.app"; sourceTree = BUILT_PRODUCTS_DIR; };
		8BC33F4921944CDE00E3759C /* AppDelegate.swift */ = {isa = PBXFileReference; lastKnownFileType = sourcecode.swift; path = AppDelegate.swift; sourceTree = "<group>"; };
		8BC33F5021944CDF00E3759C /* Assets.xcassets */ = {isa = PBXFileReference; lastKnownFileType = folder.assetcatalog; path = Assets.xcassets; sourceTree = "<group>"; };
		8BC33F5321944CDF00E3759C /* Base */ = {isa = PBXFileReference; lastKnownFileType = file.storyboard; name = Base; path = Base.lproj/LaunchScreen.storyboard; sourceTree = "<group>"; };
		8BC33F5521944CDF00E3759C /* Info.plist */ = {isa = PBXFileReference; lastKnownFileType = text.plist.xml; path = Info.plist; sourceTree = "<group>"; };
		8BC33F5A21944CDF00E3759C /* ABA MusicTests.xctest */ = {isa = PBXFileReference; explicitFileType = wrapper.cfbundle; includeInIndex = 0; path = "ABA MusicTests.xctest"; sourceTree = BUILT_PRODUCTS_DIR; };
		8BC33F6021944CDF00E3759C /* Info.plist */ = {isa = PBXFileReference; lastKnownFileType = text.plist.xml; path = Info.plist; sourceTree = "<group>"; };
		8BC33F6521944CDF00E3759C /* ABA MusicUITests.xctest */ = {isa = PBXFileReference; explicitFileType = wrapper.cfbundle; includeInIndex = 0; path = "ABA MusicUITests.xctest"; sourceTree = BUILT_PRODUCTS_DIR; };
		8BC33F6921944CDF00E3759C /* ABA_MusicUITests.swift */ = {isa = PBXFileReference; lastKnownFileType = sourcecode.swift; path = ABA_MusicUITests.swift; sourceTree = "<group>"; };
		8BC33F6B21944CDF00E3759C /* Info.plist */ = {isa = PBXFileReference; lastKnownFileType = text.plist.xml; path = Info.plist; sourceTree = "<group>"; };
		A3CC18A205AAE9C8AE379516 /* Pods_ABA_MusicTests.framework */ = {isa = PBXFileReference; explicitFileType = wrapper.framework; includeInIndex = 0; path = Pods_ABA_MusicTests.framework; sourceTree = BUILT_PRODUCTS_DIR; };
		C8F56791221C9111002182EA /* RequestManager.swift */ = {isa = PBXFileReference; fileEncoding = 4; lastKnownFileType = sourcecode.swift; path = RequestManager.swift; sourceTree = "<group>"; };
		C8F56792221C9111002182EA /* HTTPCode.swift */ = {isa = PBXFileReference; fileEncoding = 4; lastKnownFileType = sourcecode.swift; path = HTTPCode.swift; sourceTree = "<group>"; };
		C8F56793221C9111002182EA /* NetworkHeaders.swift */ = {isa = PBXFileReference; fileEncoding = 4; lastKnownFileType = sourcecode.swift; path = NetworkHeaders.swift; sourceTree = "<group>"; };
		C8F56794221C9111002182EA /* Result.swift */ = {isa = PBXFileReference; fileEncoding = 4; lastKnownFileType = sourcecode.swift; path = Result.swift; sourceTree = "<group>"; };
		C8F56795221C9111002182EA /* RequestProtocol.swift */ = {isa = PBXFileReference; fileEncoding = 4; lastKnownFileType = sourcecode.swift; path = RequestProtocol.swift; sourceTree = "<group>"; };
		C8F56797221C9111002182EA /* RequestErrors.swift */ = {isa = PBXFileReference; fileEncoding = 4; lastKnownFileType = sourcecode.swift; path = RequestErrors.swift; sourceTree = "<group>"; };
		C8F56798221C9111002182EA /* ResultError.swift */ = {isa = PBXFileReference; fileEncoding = 4; lastKnownFileType = sourcecode.swift; path = ResultError.swift; sourceTree = "<group>"; };
		C8F56799221C9111002182EA /* EndPoint.swift */ = {isa = PBXFileReference; fileEncoding = 4; lastKnownFileType = sourcecode.swift; path = EndPoint.swift; sourceTree = "<group>"; };
		C8F567AA221C915D002182EA /* Artist.swift */ = {isa = PBXFileReference; lastKnownFileType = sourcecode.swift; path = Artist.swift; sourceTree = "<group>"; };
		C8F567AC221C93C0002182EA /* ArtistsRequest.swift */ = {isa = PBXFileReference; lastKnownFileType = sourcecode.swift; path = ArtistsRequest.swift; sourceTree = "<group>"; };
		C8F567AF221C948A002182EA /* NetworkTests.swift */ = {isa = PBXFileReference; lastKnownFileType = sourcecode.swift; path = NetworkTests.swift; sourceTree = "<group>"; };
		C8F567B4221C9B82002182EA /* Artists.json */ = {isa = PBXFileReference; fileEncoding = 4; lastKnownFileType = text.json; path = Artists.json; sourceTree = "<group>"; };
		C8F567BA221CA398002182EA /* ReachabilityManager.swift */ = {isa = PBXFileReference; fileEncoding = 4; lastKnownFileType = sourcecode.swift; path = ReachabilityManager.swift; sourceTree = "<group>"; };
		C8F567BB221CA398002182EA /* Reachability.m */ = {isa = PBXFileReference; fileEncoding = 4; lastKnownFileType = sourcecode.c.objc; path = Reachability.m; sourceTree = "<group>"; };
		C8F567BC221CA398002182EA /* Reachability.h */ = {isa = PBXFileReference; fileEncoding = 4; lastKnownFileType = sourcecode.c.h; path = Reachability.h; sourceTree = "<group>"; };
		C8F567BF221CA3BF002182EA /* ABA-Bridging-Header.h */ = {isa = PBXFileReference; lastKnownFileType = sourcecode.c.h; path = "ABA-Bridging-Header.h"; sourceTree = "<group>"; };
		C8F567C2221CA909002182EA /* SearchSuggestion.swift */ = {isa = PBXFileReference; lastKnownFileType = sourcecode.swift; path = SearchSuggestion.swift; sourceTree = "<group>"; };
		C8F567C4221CA9A1002182EA /* SearchSuggestionsManager.swift */ = {isa = PBXFileReference; lastKnownFileType = sourcecode.swift; path = SearchSuggestionsManager.swift; sourceTree = "<group>"; };
		C8F567C7221CAA1A002182EA /* SuggestionsTests.swift */ = {isa = PBXFileReference; lastKnownFileType = sourcecode.swift; path = SuggestionsTests.swift; sourceTree = "<group>"; };
		C8F567CA221CB1EB002182EA /* BaseViewController.swift */ = {isa = PBXFileReference; lastKnownFileType = sourcecode.swift; path = BaseViewController.swift; sourceTree = "<group>"; };
		C8F567CC221CB2B7002182EA /* SearchListProtocols.swift */ = {isa = PBXFileReference; lastKnownFileType = sourcecode.swift; path = SearchListProtocols.swift; sourceTree = "<group>"; };
		C8F567CE221CB300002182EA /* SearchListViewController.swift */ = {isa = PBXFileReference; lastKnownFileType = sourcecode.swift; path = SearchListViewController.swift; sourceTree = "<group>"; };
		C8F567D0221CB351002182EA /* SearchListPresenter.swift */ = {isa = PBXFileReference; lastKnownFileType = sourcecode.swift; path = SearchListPresenter.swift; sourceTree = "<group>"; };
		C8F567D2221CB360002182EA /* SearchListInteractor.swift */ = {isa = PBXFileReference; lastKnownFileType = sourcecode.swift; path = SearchListInteractor.swift; sourceTree = "<group>"; };
		C8F567D4221CB371002182EA /* SearchListRouter.swift */ = {isa = PBXFileReference; lastKnownFileType = sourcecode.swift; path = SearchListRouter.swift; sourceTree = "<group>"; };
		C8F567D8221CB578002182EA /* UIColor.swift */ = {isa = PBXFileReference; lastKnownFileType = sourcecode.swift; path = UIColor.swift; sourceTree = "<group>"; };
		C8F567DB221CBA52002182EA /* ArtistViewModel.swift */ = {isa = PBXFileReference; lastKnownFileType = sourcecode.swift; path = ArtistViewModel.swift; sourceTree = "<group>"; };
		C8F567DF221D5C60002182EA /* SearchView.swift */ = {isa = PBXFileReference; lastKnownFileType = sourcecode.swift; path = SearchView.swift; sourceTree = "<group>"; };
		C8F567E2221D5C99002182EA /* UIVIew.swift */ = {isa = PBXFileReference; lastKnownFileType = sourcecode.swift; path = UIVIew.swift; sourceTree = "<group>"; };
		C8F567E5221D6002002182EA /* InterUI-Bold.ttf */ = {isa = PBXFileReference; lastKnownFileType = file; path = "InterUI-Bold.ttf"; sourceTree = "<group>"; };
		C8F567E6221D6002002182EA /* InterUI-Black.ttf */ = {isa = PBXFileReference; lastKnownFileType = file; path = "InterUI-Black.ttf"; sourceTree = "<group>"; };
		C8F567E7221D6002002182EA /* InterUI-MediumItalic.ttf */ = {isa = PBXFileReference; lastKnownFileType = file; path = "InterUI-MediumItalic.ttf"; sourceTree = "<group>"; };
		C8F567E8221D6002002182EA /* InterUI-BlackItalic.ttf */ = {isa = PBXFileReference; lastKnownFileType = file; path = "InterUI-BlackItalic.ttf"; sourceTree = "<group>"; };
		C8F567E9221D6002002182EA /* InterUI-BoldItalic.ttf */ = {isa = PBXFileReference; lastKnownFileType = file; path = "InterUI-BoldItalic.ttf"; sourceTree = "<group>"; };
		C8F567EA221D6002002182EA /* InterUI-Medium.ttf */ = {isa = PBXFileReference; lastKnownFileType = file; path = "InterUI-Medium.ttf"; sourceTree = "<group>"; };
		C8F567EB221D6002002182EA /* InterUI-Regular.ttf */ = {isa = PBXFileReference; lastKnownFileType = file; path = "InterUI-Regular.ttf"; sourceTree = "<group>"; };
		C8F567EC221D6002002182EA /* InterUI-Italic.ttf */ = {isa = PBXFileReference; lastKnownFileType = file; path = "InterUI-Italic.ttf"; sourceTree = "<group>"; };
		C8F567F6221D60A3002182EA /* UIFont.swift */ = {isa = PBXFileReference; lastKnownFileType = sourcecode.swift; path = UIFont.swift; sourceTree = "<group>"; };
		C8F567F9221D629F002182EA /* TrackCollectionViewCell.swift */ = {isa = PBXFileReference; lastKnownFileType = sourcecode.swift; path = TrackCollectionViewCell.swift; sourceTree = "<group>"; };
		C8F567FB221D64B2002182EA /* SearchListDatasource.swift */ = {isa = PBXFileReference; lastKnownFileType = sourcecode.swift; path = SearchListDatasource.swift; sourceTree = "<group>"; };
		C8F567FE221D6623002182EA /* TrackHeaderView.swift */ = {isa = PBXFileReference; lastKnownFileType = sourcecode.swift; path = TrackHeaderView.swift; sourceTree = "<group>"; };
		C8F56801221D7EF1002182EA /* CustomTitleView.swift */ = {isa = PBXFileReference; lastKnownFileType = sourcecode.swift; path = CustomTitleView.swift; sourceTree = "<group>"; };
		C8F56804221D8080002182EA /* Date.swift */ = {isa = PBXFileReference; lastKnownFileType = sourcecode.swift; path = Date.swift; sourceTree = "<group>"; };
		C8F56808221D841C002182EA /* SuggestionTableViewCell.swift */ = {isa = PBXFileReference; lastKnownFileType = sourcecode.swift; path = SuggestionTableViewCell.swift; sourceTree = "<group>"; };
		C8F5680B221D843C002182EA /* SuggestionViewModel.swift */ = {isa = PBXFileReference; lastKnownFileType = sourcecode.swift; path = SuggestionViewModel.swift; sourceTree = "<group>"; };
		C8F5680D221D8458002182EA /* SuggestionsView.swift */ = {isa = PBXFileReference; lastKnownFileType = sourcecode.swift; path = SuggestionsView.swift; sourceTree = "<group>"; };
		C8F5680F221D846F002182EA /* SuggestionsDatasource.swift */ = {isa = PBXFileReference; lastKnownFileType = sourcecode.swift; path = SuggestionsDatasource.swift; sourceTree = "<group>"; };
		C8F56811221DA8A4002182EA /* TrackDetailProtocols.swift */ = {isa = PBXFileReference; lastKnownFileType = sourcecode.swift; path = TrackDetailProtocols.swift; sourceTree = "<group>"; };
		C8F56813221DA90A002182EA /* TrackDetailViewController.swift */ = {isa = PBXFileReference; lastKnownFileType = sourcecode.swift; path = TrackDetailViewController.swift; sourceTree = "<group>"; };
		C8F56815221DA91A002182EA /* TrackDetailPresenter.swift */ = {isa = PBXFileReference; lastKnownFileType = sourcecode.swift; path = TrackDetailPresenter.swift; sourceTree = "<group>"; };
		C8F56817221DA933002182EA /* TrackDetailInteractor.swift */ = {isa = PBXFileReference; lastKnownFileType = sourcecode.swift; path = TrackDetailInteractor.swift; sourceTree = "<group>"; };
		C8F56819221DA947002182EA /* TrackDetailRouter.swift */ = {isa = PBXFileReference; lastKnownFileType = sourcecode.swift; path = TrackDetailRouter.swift; sourceTree = "<group>"; };
		E05B3E277D1E98033BCBA05D /* Pods_ABA_Music.framework */ = {isa = PBXFileReference; explicitFileType = wrapper.framework; includeInIndex = 0; path = Pods_ABA_Music.framework; sourceTree = BUILT_PRODUCTS_DIR; };
		F1325838F46456027B52F079 /* Pods_ABA_MusicUITests.framework */ = {isa = PBXFileReference; explicitFileType = wrapper.framework; includeInIndex = 0; path = Pods_ABA_MusicUITests.framework; sourceTree = BUILT_PRODUCTS_DIR; };
/* End PBXFileReference section */

/* Begin PBXFrameworksBuildPhase section */
		8BC33F4321944CDE00E3759C /* Frameworks */ = {
			isa = PBXFrameworksBuildPhase;
			buildActionMask = 2147483647;
			files = (
				861067A0F6F540EE0EB4889F /* Pods_ABA_Music.framework in Frameworks */,
			);
			runOnlyForDeploymentPostprocessing = 0;
		};
		8BC33F5721944CDF00E3759C /* Frameworks */ = {
			isa = PBXFrameworksBuildPhase;
			buildActionMask = 2147483647;
			files = (
				980D63085AC1F41300E2D288 /* Pods_ABA_MusicTests.framework in Frameworks */,
			);
			runOnlyForDeploymentPostprocessing = 0;
		};
		8BC33F6221944CDF00E3759C /* Frameworks */ = {
			isa = PBXFrameworksBuildPhase;
			buildActionMask = 2147483647;
			files = (
			);
			runOnlyForDeploymentPostprocessing = 0;
		};
/* End PBXFrameworksBuildPhase section */

/* Begin PBXGroup section */
		8B0CEE4421B54C5100C39C58 /* cells */ = {
			isa = PBXGroup;
			children = (
				8B0EFD0721960BF80024DAA2 /* ArtistCollectionViewCell.swift */,
				8B0EFD0921960E5D0024DAA2 /* OlderTrackCollectionViewCell.swift */,
			);
			path = cells;
			sourceTree = "<group>";
		};
		8B0CEE4521B54C6900C39C58 /* Views */ = {
			isa = PBXGroup;
			children = (
				C8F567C9221CB1D3002182EA /* Base */,
				C8F567DD221D5C35002182EA /* Common */,
				C8F567B6221C9EC8002182EA /* Search List */,
				C8F567B7221C9ED6002182EA /* Track Detail */,
				8B0CEE4421B54C5100C39C58 /* cells */,
			);
			path = Views;
			sourceTree = "<group>";
		};
		8B0CEE4621B54C8800C39C58 /* Model */ = {
			isa = PBXGroup;
			children = (
				8B0CEE4221B54C2700C39C58 /* Entities.swift */,
			);
			path = Model;
			sourceTree = "<group>";
		};
		8B0CEE4721B5723300C39C58 /* Application */ = {
			isa = PBXGroup;
			children = (
				8BC33F4921944CDE00E3759C /* AppDelegate.swift */,
			);
			path = Application;
			sourceTree = "<group>";
		};
		8BC33F3D21944CDE00E3759C = {
			isa = PBXGroup;
			children = (
				8BC33F4821944CDE00E3759C /* ABA Music */,
				8BC33F5D21944CDF00E3759C /* ABA MusicTests */,
				8BC33F6821944CDF00E3759C /* ABA MusicUITests */,
				8BC33F4721944CDE00E3759C /* Products */,
				8E23556507A773AF7566731B /* Pods */,
				CD115EEF2EF5580EEB68B4F6 /* Frameworks */,
			);
			sourceTree = "<group>";
		};
		8BC33F4721944CDE00E3759C /* Products */ = {
			isa = PBXGroup;
			children = (
				8BC33F4621944CDE00E3759C /* ABA Music.app */,
				8BC33F5A21944CDF00E3759C /* ABA MusicTests.xctest */,
				8BC33F6521944CDF00E3759C /* ABA MusicUITests.xctest */,
			);
			name = Products;
			sourceTree = "<group>";
		};
		8BC33F4821944CDE00E3759C /* ABA Music */ = {
			isa = PBXGroup;
			children = (
				C8F567BF221CA3BF002182EA /* ABA-Bridging-Header.h */,
				8B0CEE4721B5723300C39C58 /* Application */,
				8B0CEE4521B54C6900C39C58 /* Views */,
				8B0CEE4621B54C8800C39C58 /* Model */,
				C8F5678F221C9111002182EA /* Network */,
				C8F567B8221CA361002182EA /* Managers */,
				C8F567D6221CB550002182EA /* Extensions */,
				C8F567B1221C9B1F002182EA /* Resources */,
				8BC33F5021944CDF00E3759C /* Assets.xcassets */,
				8BC33F5221944CDF00E3759C /* LaunchScreen.storyboard */,
				8BC33F5521944CDF00E3759C /* Info.plist */,
			);
			path = "ABA Music";
			sourceTree = "<group>";
		};
		8BC33F5D21944CDF00E3759C /* ABA MusicTests */ = {
			isa = PBXGroup;
			children = (
				C8F567C6221CAA09002182EA /* Suggestions */,
				C8F567AE221C9456002182EA /* Network */,
				8BC33F6021944CDF00E3759C /* Info.plist */,
			);
			path = "ABA MusicTests";
			sourceTree = "<group>";
		};
		8BC33F6821944CDF00E3759C /* ABA MusicUITests */ = {
			isa = PBXGroup;
			children = (
				8BC33F6921944CDF00E3759C /* ABA_MusicUITests.swift */,
				8BC33F6B21944CDF00E3759C /* Info.plist */,
			);
			path = "ABA MusicUITests";
			sourceTree = "<group>";
		};
		8E23556507A773AF7566731B /* Pods */ = {
			isa = PBXGroup;
			children = (
				71DEC0EE01917AA36C5F79A0 /* Pods-ABA Music.debug.xcconfig */,
				8128708AB1E783950E2487E6 /* Pods-ABA Music.release.xcconfig */,
				5559EF89746914D3CD9937D8 /* Pods-ABA MusicTests.debug.xcconfig */,
				581F2A21C841711C6B8A69A9 /* Pods-ABA MusicTests.release.xcconfig */,
			);
			name = Pods;
			sourceTree = "<group>";
		};
		C8F5678F221C9111002182EA /* Network */ = {
			isa = PBXGroup;
			children = (
				C8F56790221C9111002182EA /* Common */,
				C8F5679A221C9111002182EA /* Request */,
			);
			path = Network;
			sourceTree = "<group>";
		};
		C8F56790221C9111002182EA /* Common */ = {
			isa = PBXGroup;
			children = (
				C8F56791221C9111002182EA /* RequestManager.swift */,
				C8F56792221C9111002182EA /* HTTPCode.swift */,
				C8F56793221C9111002182EA /* NetworkHeaders.swift */,
				C8F56794221C9111002182EA /* Result.swift */,
				C8F56795221C9111002182EA /* RequestProtocol.swift */,
				C8F56796221C9111002182EA /* Errors */,
				C8F56799221C9111002182EA /* EndPoint.swift */,
			);
			path = Common;
			sourceTree = "<group>";
		};
		C8F56796221C9111002182EA /* Errors */ = {
			isa = PBXGroup;
			children = (
				C8F56797221C9111002182EA /* RequestErrors.swift */,
				C8F56798221C9111002182EA /* ResultError.swift */,
			);
			path = Errors;
			sourceTree = "<group>";
		};
		C8F5679A221C9111002182EA /* Request */ = {
			isa = PBXGroup;
			children = (
				C8F5679B221C9111002182EA /* Data Models */,
				C8F567AC221C93C0002182EA /* ArtistsRequest.swift */,
			);
			path = Request;
			sourceTree = "<group>";
		};
		C8F5679B221C9111002182EA /* Data Models */ = {
			isa = PBXGroup;
			children = (
				C8F567A9221C912E002182EA /* Artist */,
			);
			path = "Data Models";
			sourceTree = "<group>";
		};
		C8F567A9221C912E002182EA /* Artist */ = {
			isa = PBXGroup;
			children = (
				C8F567AA221C915D002182EA /* Artist.swift */,
			);
			path = Artist;
			sourceTree = "<group>";
		};
		C8F567AE221C9456002182EA /* Network */ = {
			isa = PBXGroup;
			children = (
				C8F567AF221C948A002182EA /* NetworkTests.swift */,
			);
			path = Network;
			sourceTree = "<group>";
		};
		C8F567B1221C9B1F002182EA /* Resources */ = {
			isa = PBXGroup;
			children = (
				C8F567E4221D6002002182EA /* Fonts */,
				C8F567B2221C9B2F002182EA /* Simulated Response */,
			);
			path = Resources;
			sourceTree = "<group>";
		};
		C8F567B2221C9B2F002182EA /* Simulated Response */ = {
			isa = PBXGroup;
			children = (
				C8F567B3221C9B43002182EA /* Artists */,
			);
			path = "Simulated Response";
			sourceTree = "<group>";
		};
		C8F567B3221C9B43002182EA /* Artists */ = {
			isa = PBXGroup;
			children = (
				C8F567B4221C9B82002182EA /* Artists.json */,
			);
			path = Artists;
			sourceTree = "<group>";
		};
		C8F567B6221C9EC8002182EA /* Search List */ = {
			isa = PBXGroup;
			children = (
				C8F567FD221D660C002182EA /* Header View */,
				C8F567F8221D60FF002182EA /* Cell */,
				C8F567DA221CB9F4002182EA /* View Model */,
				C8F567CC221CB2B7002182EA /* SearchListProtocols.swift */,
				C8F567CE221CB300002182EA /* SearchListViewController.swift */,
				C8F567FB221D64B2002182EA /* SearchListDatasource.swift */,
				C8F567D0221CB351002182EA /* SearchListPresenter.swift */,
				C8F567D2221CB360002182EA /* SearchListInteractor.swift */,
				C8F567D4221CB371002182EA /* SearchListRouter.swift */,
			);
			path = "Search List";
			sourceTree = "<group>";
		};
		C8F567B7221C9ED6002182EA /* Track Detail */ = {
			isa = PBXGroup;
			children = (
				C8F5681B221DAD36002182EA /* Views */,
				C8F56811221DA8A4002182EA /* TrackDetailProtocols.swift */,
				C8F56813221DA90A002182EA /* TrackDetailViewController.swift */,
				C8F56815221DA91A002182EA /* TrackDetailPresenter.swift */,
				C8F56817221DA933002182EA /* TrackDetailInteractor.swift */,
				C8F56819221DA947002182EA /* TrackDetailRouter.swift */,
				8B4699BB21975EE100A82349 /* TrackViewController.swift */,
			);
			path = "Track Detail";
			sourceTree = "<group>";
		};
		C8F567B8221CA361002182EA /* Managers */ = {
			isa = PBXGroup;
			children = (
				C8F567C0221CA8EF002182EA /* Search Suggestions */,
				C8F567B9221CA37F002182EA /* Reachability Manager */,
			);
			path = Managers;
			sourceTree = "<group>";
		};
		C8F567B9221CA37F002182EA /* Reachability Manager */ = {
			isa = PBXGroup;
			children = (
				C8F567BC221CA398002182EA /* Reachability.h */,
				C8F567BB221CA398002182EA /* Reachability.m */,
				C8F567BA221CA398002182EA /* ReachabilityManager.swift */,
			);
			path = "Reachability Manager";
			sourceTree = "<group>";
		};
		C8F567C0221CA8EF002182EA /* Search Suggestions */ = {
			isa = PBXGroup;
			children = (
				C8F567C1221CA8F7002182EA /* Data Models */,
				C8F567C4221CA9A1002182EA /* SearchSuggestionsManager.swift */,
			);
			path = "Search Suggestions";
			sourceTree = "<group>";
		};
		C8F567C1221CA8F7002182EA /* Data Models */ = {
			isa = PBXGroup;
			children = (
				C8F567C2221CA909002182EA /* SearchSuggestion.swift */,
			);
			path = "Data Models";
			sourceTree = "<group>";
		};
		C8F567C6221CAA09002182EA /* Suggestions */ = {
			isa = PBXGroup;
			children = (
				C8F567C7221CAA1A002182EA /* SuggestionsTests.swift */,
			);
			path = Suggestions;
			sourceTree = "<group>";
		};
		C8F567C9221CB1D3002182EA /* Base */ = {
			isa = PBXGroup;
			children = (
				C8F567CA221CB1EB002182EA /* BaseViewController.swift */,
			);
			path = Base;
			sourceTree = "<group>";
		};
		C8F567D6221CB550002182EA /* Extensions */ = {
			isa = PBXGroup;
			children = (
				C8F56803221D8074002182EA /* Date */,
				C8F567F5221D6095002182EA /* UIFont */,
				C8F567E1221D5C8B002182EA /* UIView */,
				C8F567D7221CB56E002182EA /* UIColor */,
			);
			path = Extensions;
			sourceTree = "<group>";
		};
		C8F567D7221CB56E002182EA /* UIColor */ = {
			isa = PBXGroup;
			children = (
				C8F567D8221CB578002182EA /* UIColor.swift */,
			);
			path = UIColor;
			sourceTree = "<group>";
		};
		C8F567DA221CB9F4002182EA /* View Model */ = {
			isa = PBXGroup;
			children = (
				C8F567DB221CBA52002182EA /* ArtistViewModel.swift */,
			);
			path = "View Model";
			sourceTree = "<group>";
		};
		C8F567DD221D5C35002182EA /* Common */ = {
			isa = PBXGroup;
			children = (
				C8F56806221D83F6002182EA /* Suggestions View */,
				C8F56800221D7EE0002182EA /* Custom Title View */,
				C8F567DE221D5C40002182EA /* Search View */,
			);
			path = Common;
			sourceTree = "<group>";
		};
		C8F567DE221D5C40002182EA /* Search View */ = {
			isa = PBXGroup;
			children = (
				C8F567DF221D5C60002182EA /* SearchView.swift */,
			);
			path = "Search View";
			sourceTree = "<group>";
		};
		C8F567E1221D5C8B002182EA /* UIView */ = {
			isa = PBXGroup;
			children = (
				C8F567E2221D5C99002182EA /* UIVIew.swift */,
			);
			path = UIView;
			sourceTree = "<group>";
		};
		C8F567E4221D6002002182EA /* Fonts */ = {
			isa = PBXGroup;
			children = (
				C8F567E5221D6002002182EA /* InterUI-Bold.ttf */,
				C8F567E6221D6002002182EA /* InterUI-Black.ttf */,
				C8F567E7221D6002002182EA /* InterUI-MediumItalic.ttf */,
				C8F567E8221D6002002182EA /* InterUI-BlackItalic.ttf */,
				C8F567E9221D6002002182EA /* InterUI-BoldItalic.ttf */,
				C8F567EA221D6002002182EA /* InterUI-Medium.ttf */,
				C8F567EB221D6002002182EA /* InterUI-Regular.ttf */,
				C8F567EC221D6002002182EA /* InterUI-Italic.ttf */,
			);
			path = Fonts;
			sourceTree = "<group>";
		};
		C8F567F5221D6095002182EA /* UIFont */ = {
			isa = PBXGroup;
			children = (
				C8F567F6221D60A3002182EA /* UIFont.swift */,
			);
			path = UIFont;
			sourceTree = "<group>";
		};
		C8F567F8221D60FF002182EA /* Cell */ = {
			isa = PBXGroup;
			children = (
				C8F567F9221D629F002182EA /* TrackCollectionViewCell.swift */,
			);
			path = Cell;
			sourceTree = "<group>";
		};
		C8F567FD221D660C002182EA /* Header View */ = {
			isa = PBXGroup;
			children = (
				C8F567FE221D6623002182EA /* TrackHeaderView.swift */,
			);
			path = "Header View";
			sourceTree = "<group>";
		};
		C8F56800221D7EE0002182EA /* Custom Title View */ = {
			isa = PBXGroup;
			children = (
				C8F56801221D7EF1002182EA /* CustomTitleView.swift */,
			);
			path = "Custom Title View";
			sourceTree = "<group>";
		};
		C8F56803221D8074002182EA /* Date */ = {
			isa = PBXGroup;
			children = (
				C8F56804221D8080002182EA /* Date.swift */,
			);
			path = Date;
			sourceTree = "<group>";
		};
		C8F56806221D83F6002182EA /* Suggestions View */ = {
			isa = PBXGroup;
			children = (
				C8F56807221D840A002182EA /* Cell */,
				C8F5680A221D8432002182EA /* View Model */,
				C8F5680D221D8458002182EA /* SuggestionsView.swift */,
				C8F5680F221D846F002182EA /* SuggestionsDatasource.swift */,
			);
			path = "Suggestions View";
			sourceTree = "<group>";
		};
		C8F56807221D840A002182EA /* Cell */ = {
			isa = PBXGroup;
			children = (
				C8F56808221D841C002182EA /* SuggestionTableViewCell.swift */,
			);
			path = Cell;
			sourceTree = "<group>";
		};
		C8F5680A221D8432002182EA /* View Model */ = {
			isa = PBXGroup;
			children = (
				C8F5680B221D843C002182EA /* SuggestionViewModel.swift */,
			);
			path = "View Model";
			sourceTree = "<group>";
		};
		C8F5681B221DAD36002182EA /* Views */ = {
			isa = PBXGroup;
			children = (
				8BA3CDD4219761CB005264D4 /* PlayerView.swift */,
			);
			path = Views;
			sourceTree = "<group>";
		};
		CD115EEF2EF5580EEB68B4F6 /* Frameworks */ = {
			isa = PBXGroup;
			children = (
				E05B3E277D1E98033BCBA05D /* Pods_ABA_Music.framework */,
				A3CC18A205AAE9C8AE379516 /* Pods_ABA_MusicTests.framework */,
				F1325838F46456027B52F079 /* Pods_ABA_MusicUITests.framework */,
			);
			name = Frameworks;
			sourceTree = "<group>";
		};
/* End PBXGroup section */

/* Begin PBXNativeTarget section */
		8BC33F4521944CDE00E3759C /* ABA Music */ = {
			isa = PBXNativeTarget;
			buildConfigurationList = 8BC33F6E21944CDF00E3759C /* Build configuration list for PBXNativeTarget "ABA Music" */;
			buildPhases = (
				2833473AED96F35E6725C839 /* [CP] Check Pods Manifest.lock */,
				8BC33F4221944CDE00E3759C /* Sources */,
				8BC33F4321944CDE00E3759C /* Frameworks */,
				8BC33F4421944CDE00E3759C /* Resources */,
				51028B6A99A2CFAD3917951F /* [CP] Embed Pods Frameworks */,
			);
			buildRules = (
			);
			dependencies = (
			);
			name = "ABA Music";
			productName = "ABA Music";
			productReference = 8BC33F4621944CDE00E3759C /* ABA Music.app */;
			productType = "com.apple.product-type.application";
		};
		8BC33F5921944CDF00E3759C /* ABA MusicTests */ = {
			isa = PBXNativeTarget;
			buildConfigurationList = 8BC33F7121944CDF00E3759C /* Build configuration list for PBXNativeTarget "ABA MusicTests" */;
			buildPhases = (
				0F25C84261C5B691F708DEE1 /* [CP] Check Pods Manifest.lock */,
				8BC33F5621944CDF00E3759C /* Sources */,
				8BC33F5721944CDF00E3759C /* Frameworks */,
				8BC33F5821944CDF00E3759C /* Resources */,
				FA4AF8AF2A7D82D3ADFF283D /* [CP] Embed Pods Frameworks */,
			);
			buildRules = (
			);
			dependencies = (
				8BC33F5C21944CDF00E3759C /* PBXTargetDependency */,
			);
			name = "ABA MusicTests";
			productName = "ABA MusicTests";
			productReference = 8BC33F5A21944CDF00E3759C /* ABA MusicTests.xctest */;
			productType = "com.apple.product-type.bundle.unit-test";
		};
		8BC33F6421944CDF00E3759C /* ABA MusicUITests */ = {
			isa = PBXNativeTarget;
			buildConfigurationList = 8BC33F7421944CDF00E3759C /* Build configuration list for PBXNativeTarget "ABA MusicUITests" */;
			buildPhases = (
				8BC33F6121944CDF00E3759C /* Sources */,
				8BC33F6221944CDF00E3759C /* Frameworks */,
				8BC33F6321944CDF00E3759C /* Resources */,
			);
			buildRules = (
			);
			dependencies = (
				8BC33F6721944CDF00E3759C /* PBXTargetDependency */,
			);
			name = "ABA MusicUITests";
			productName = "ABA MusicUITests";
			productReference = 8BC33F6521944CDF00E3759C /* ABA MusicUITests.xctest */;
			productType = "com.apple.product-type.bundle.ui-testing";
		};
/* End PBXNativeTarget section */

/* Begin PBXProject section */
		8BC33F3E21944CDE00E3759C /* Project object */ = {
			isa = PBXProject;
			attributes = {
				LastSwiftUpdateCheck = 1010;
				LastUpgradeCheck = 1010;
				ORGANIZATIONNAME = "ABA English";
				TargetAttributes = {
					8BC33F4521944CDE00E3759C = {
						CreatedOnToolsVersion = 10.1;
						LastSwiftMigration = 1010;
					};
					8BC33F5921944CDF00E3759C = {
						CreatedOnToolsVersion = 10.1;
						TestTargetID = 8BC33F4521944CDE00E3759C;
					};
					8BC33F6421944CDF00E3759C = {
						CreatedOnToolsVersion = 10.1;
						TestTargetID = 8BC33F4521944CDE00E3759C;
					};
				};
			};
			buildConfigurationList = 8BC33F4121944CDE00E3759C /* Build configuration list for PBXProject "ABA Music" */;
			compatibilityVersion = "Xcode 9.3";
			developmentRegion = en;
			hasScannedForEncodings = 0;
			knownRegions = (
				en,
				Base,
			);
			mainGroup = 8BC33F3D21944CDE00E3759C;
			productRefGroup = 8BC33F4721944CDE00E3759C /* Products */;
			projectDirPath = "";
			projectRoot = "";
			targets = (
				8BC33F4521944CDE00E3759C /* ABA Music */,
				8BC33F5921944CDF00E3759C /* ABA MusicTests */,
				8BC33F6421944CDF00E3759C /* ABA MusicUITests */,
			);
		};
/* End PBXProject section */

/* Begin PBXResourcesBuildPhase section */
		8BC33F4421944CDE00E3759C /* Resources */ = {
			isa = PBXResourcesBuildPhase;
			buildActionMask = 2147483647;
			files = (
				8BC33F5421944CDF00E3759C /* LaunchScreen.storyboard in Resources */,
				C8F567F2221D6002002182EA /* InterUI-Medium.ttf in Resources */,
				C8F567B5221C9B82002182EA /* Artists.json in Resources */,
				C8F567ED221D6002002182EA /* InterUI-Bold.ttf in Resources */,
				C8F567F4221D6002002182EA /* InterUI-Italic.ttf in Resources */,
				8BC33F5121944CDF00E3759C /* Assets.xcassets in Resources */,
				C8F567F0221D6002002182EA /* InterUI-BlackItalic.ttf in Resources */,
				C8F567EF221D6002002182EA /* InterUI-MediumItalic.ttf in Resources */,
				C8F567F1221D6002002182EA /* InterUI-BoldItalic.ttf in Resources */,
				C8F567F3221D6002002182EA /* InterUI-Regular.ttf in Resources */,
				C8F567EE221D6002002182EA /* InterUI-Black.ttf in Resources */,
			);
			runOnlyForDeploymentPostprocessing = 0;
		};
		8BC33F5821944CDF00E3759C /* Resources */ = {
			isa = PBXResourcesBuildPhase;
			buildActionMask = 2147483647;
			files = (
			);
			runOnlyForDeploymentPostprocessing = 0;
		};
		8BC33F6321944CDF00E3759C /* Resources */ = {
			isa = PBXResourcesBuildPhase;
			buildActionMask = 2147483647;
			files = (
			);
			runOnlyForDeploymentPostprocessing = 0;
		};
/* End PBXResourcesBuildPhase section */

/* Begin PBXShellScriptBuildPhase section */
		0F25C84261C5B691F708DEE1 /* [CP] Check Pods Manifest.lock */ = {
			isa = PBXShellScriptBuildPhase;
			buildActionMask = 2147483647;
			files = (
			);
			inputFileListPaths = (
			);
			inputPaths = (
				"${PODS_PODFILE_DIR_PATH}/Podfile.lock",
				"${PODS_ROOT}/Manifest.lock",
			);
			name = "[CP] Check Pods Manifest.lock";
			outputFileListPaths = (
			);
			outputPaths = (
				"$(DERIVED_FILE_DIR)/Pods-ABA MusicTests-checkManifestLockResult.txt",
			);
			runOnlyForDeploymentPostprocessing = 0;
			shellPath = /bin/sh;
			shellScript = "diff \"${PODS_PODFILE_DIR_PATH}/Podfile.lock\" \"${PODS_ROOT}/Manifest.lock\" > /dev/null\nif [ $? != 0 ] ; then\n    # print error to STDERR\n    echo \"error: The sandbox is not in sync with the Podfile.lock. Run 'pod install' or update your CocoaPods installation.\" >&2\n    exit 1\nfi\n# This output is used by Xcode 'outputs' to avoid re-running this script phase.\necho \"SUCCESS\" > \"${SCRIPT_OUTPUT_FILE_0}\"\n";
			showEnvVarsInLog = 0;
		};
		2833473AED96F35E6725C839 /* [CP] Check Pods Manifest.lock */ = {
			isa = PBXShellScriptBuildPhase;
			buildActionMask = 2147483647;
			files = (
			);
			inputFileListPaths = (
			);
			inputPaths = (
				"${PODS_PODFILE_DIR_PATH}/Podfile.lock",
				"${PODS_ROOT}/Manifest.lock",
			);
			name = "[CP] Check Pods Manifest.lock";
			outputFileListPaths = (
			);
			outputPaths = (
				"$(DERIVED_FILE_DIR)/Pods-ABA Music-checkManifestLockResult.txt",
			);
			runOnlyForDeploymentPostprocessing = 0;
			shellPath = /bin/sh;
			shellScript = "diff \"${PODS_PODFILE_DIR_PATH}/Podfile.lock\" \"${PODS_ROOT}/Manifest.lock\" > /dev/null\nif [ $? != 0 ] ; then\n    # print error to STDERR\n    echo \"error: The sandbox is not in sync with the Podfile.lock. Run 'pod install' or update your CocoaPods installation.\" >&2\n    exit 1\nfi\n# This output is used by Xcode 'outputs' to avoid re-running this script phase.\necho \"SUCCESS\" > \"${SCRIPT_OUTPUT_FILE_0}\"\n";
			showEnvVarsInLog = 0;
		};
		51028B6A99A2CFAD3917951F /* [CP] Embed Pods Frameworks */ = {
			isa = PBXShellScriptBuildPhase;
			buildActionMask = 2147483647;
			files = (
			);
			inputFileListPaths = (
			);
			inputPaths = (
				"${SRCROOT}/Pods/Target Support Files/Pods-ABA Music/Pods-ABA Music-frameworks.sh",
				"${BUILT_PRODUCTS_DIR}/Alamofire/Alamofire.framework",
				"${BUILT_PRODUCTS_DIR}/AlamofireImage/AlamofireImage.framework",
				"${BUILT_PRODUCTS_DIR}/Cache/Cache.framework",
				"${BUILT_PRODUCTS_DIR}/CollectionViewSlantedLayout/CollectionViewSlantedLayout.framework",
				"${BUILT_PRODUCTS_DIR}/Haneke/Haneke.framework",
				"${BUILT_PRODUCTS_DIR}/PureLayout/PureLayout.framework",
				"${BUILT_PRODUCTS_DIR}/Realm/Realm.framework",
				"${BUILT_PRODUCTS_DIR}/RealmSwift/RealmSwift.framework",
				"${BUILT_PRODUCTS_DIR}/SVProgressHUD/SVProgressHUD.framework",
				"${BUILT_PRODUCTS_DIR}/SwiftyJSON/SwiftyJSON.framework",
			);
			name = "[CP] Embed Pods Frameworks";
			outputFileListPaths = (
			);
			outputPaths = (
				"${TARGET_BUILD_DIR}/${FRAMEWORKS_FOLDER_PATH}/Alamofire.framework",
				"${TARGET_BUILD_DIR}/${FRAMEWORKS_FOLDER_PATH}/AlamofireImage.framework",
				"${TARGET_BUILD_DIR}/${FRAMEWORKS_FOLDER_PATH}/Cache.framework",
				"${TARGET_BUILD_DIR}/${FRAMEWORKS_FOLDER_PATH}/CollectionViewSlantedLayout.framework",
				"${TARGET_BUILD_DIR}/${FRAMEWORKS_FOLDER_PATH}/Haneke.framework",
				"${TARGET_BUILD_DIR}/${FRAMEWORKS_FOLDER_PATH}/PureLayout.framework",
				"${TARGET_BUILD_DIR}/${FRAMEWORKS_FOLDER_PATH}/Realm.framework",
				"${TARGET_BUILD_DIR}/${FRAMEWORKS_FOLDER_PATH}/RealmSwift.framework",
				"${TARGET_BUILD_DIR}/${FRAMEWORKS_FOLDER_PATH}/SVProgressHUD.framework",
				"${TARGET_BUILD_DIR}/${FRAMEWORKS_FOLDER_PATH}/SwiftyJSON.framework",
			);
			runOnlyForDeploymentPostprocessing = 0;
			shellPath = /bin/sh;
			shellScript = "\"${SRCROOT}/Pods/Target Support Files/Pods-ABA Music/Pods-ABA Music-frameworks.sh\"\n";
			showEnvVarsInLog = 0;
		};
		FA4AF8AF2A7D82D3ADFF283D /* [CP] Embed Pods Frameworks */ = {
			isa = PBXShellScriptBuildPhase;
			buildActionMask = 2147483647;
			files = (
			);
			inputFileListPaths = (
			);
			inputPaths = (
				"${SRCROOT}/Pods/Target Support Files/Pods-ABA MusicTests/Pods-ABA MusicTests-frameworks.sh",
				"${BUILT_PRODUCTS_DIR}/Alamofire/Alamofire.framework",
				"${BUILT_PRODUCTS_DIR}/AlamofireImage/AlamofireImage.framework",
				"${BUILT_PRODUCTS_DIR}/Cache/Cache.framework",
				"${BUILT_PRODUCTS_DIR}/CollectionViewSlantedLayout/CollectionViewSlantedLayout.framework",
				"${BUILT_PRODUCTS_DIR}/Haneke/Haneke.framework",
				"${BUILT_PRODUCTS_DIR}/PureLayout/PureLayout.framework",
				"${BUILT_PRODUCTS_DIR}/Realm/Realm.framework",
				"${BUILT_PRODUCTS_DIR}/RealmSwift/RealmSwift.framework",
				"${BUILT_PRODUCTS_DIR}/SVProgressHUD/SVProgressHUD.framework",
				"${BUILT_PRODUCTS_DIR}/SwiftyJSON/SwiftyJSON.framework",
			);
			name = "[CP] Embed Pods Frameworks";
			outputFileListPaths = (
			);
			outputPaths = (
				"${TARGET_BUILD_DIR}/${FRAMEWORKS_FOLDER_PATH}/Alamofire.framework",
				"${TARGET_BUILD_DIR}/${FRAMEWORKS_FOLDER_PATH}/AlamofireImage.framework",
				"${TARGET_BUILD_DIR}/${FRAMEWORKS_FOLDER_PATH}/Cache.framework",
				"${TARGET_BUILD_DIR}/${FRAMEWORKS_FOLDER_PATH}/CollectionViewSlantedLayout.framework",
				"${TARGET_BUILD_DIR}/${FRAMEWORKS_FOLDER_PATH}/Haneke.framework",
				"${TARGET_BUILD_DIR}/${FRAMEWORKS_FOLDER_PATH}/PureLayout.framework",
				"${TARGET_BUILD_DIR}/${FRAMEWORKS_FOLDER_PATH}/Realm.framework",
				"${TARGET_BUILD_DIR}/${FRAMEWORKS_FOLDER_PATH}/RealmSwift.framework",
				"${TARGET_BUILD_DIR}/${FRAMEWORKS_FOLDER_PATH}/SVProgressHUD.framework",
				"${TARGET_BUILD_DIR}/${FRAMEWORKS_FOLDER_PATH}/SwiftyJSON.framework",
			);
			runOnlyForDeploymentPostprocessing = 0;
			shellPath = /bin/sh;
			shellScript = "\"${SRCROOT}/Pods/Target Support Files/Pods-ABA MusicTests/Pods-ABA MusicTests-frameworks.sh\"\n";
			showEnvVarsInLog = 0;
		};
/* End PBXShellScriptBuildPhase section */

/* Begin PBXSourcesBuildPhase section */
		8BC33F4221944CDE00E3759C /* Sources */ = {
			isa = PBXSourcesBuildPhase;
			buildActionMask = 2147483647;
			files = (
				C8F567D9221CB578002182EA /* UIColor.swift in Sources */,
				C8F567FF221D6623002182EA /* TrackHeaderView.swift in Sources */,
				C8F567A0221C9111002182EA /* HTTPCode.swift in Sources */,
				8BC33F4A21944CDE00E3759C /* AppDelegate.swift in Sources */,
				C8F567A5221C9111002182EA /* ResultError.swift in Sources */,
				C8F567BD221CA398002182EA /* ReachabilityManager.swift in Sources */,
				C8F567A3221C9111002182EA /* RequestProtocol.swift in Sources */,
				C8F567A1221C9111002182EA /* NetworkHeaders.swift in Sources */,
				C8F567FC221D64B2002182EA /* SearchListDatasource.swift in Sources */,
				C8F567C3221CA909002182EA /* SearchSuggestion.swift in Sources */,
				8B4699BC21975EE100A82349 /* TrackViewController.swift in Sources */,
				C8F567E0221D5C60002182EA /* SearchView.swift in Sources */,
				C8F567CD221CB2B7002182EA /* SearchListProtocols.swift in Sources */,
				C8F567CF221CB300002182EA /* SearchListViewController.swift in Sources */,
				C8F567DC221CBA52002182EA /* ArtistViewModel.swift in Sources */,
				C8F567D5221CB371002182EA /* SearchListRouter.swift in Sources */,
				C8F5679F221C9111002182EA /* RequestManager.swift in Sources */,
				8BA3CDD5219761CC005264D4 /* PlayerView.swift in Sources */,
				C8F567C5221CA9A1002182EA /* SearchSuggestionsManager.swift in Sources */,
				C8F567D1221CB351002182EA /* SearchListPresenter.swift in Sources */,
				C8F567BE221CA398002182EA /* Reachability.m in Sources */,
				C8F567D3221CB360002182EA /* SearchListInteractor.swift in Sources */,
				C8F567CB221CB1EB002182EA /* BaseViewController.swift in Sources */,
				C8F56810221D846F002182EA /* SuggestionsDatasource.swift in Sources */,
				C8F56802221D7EF1002182EA /* CustomTitleView.swift in Sources */,
				C8F56818221DA933002182EA /* TrackDetailInteractor.swift in Sources */,
				C8F567FA221D629F002182EA /* TrackCollectionViewCell.swift in Sources */,
				C8F567AD221C93C0002182EA /* ArtistsRequest.swift in Sources */,
				C8F56809221D841C002182EA /* SuggestionTableViewCell.swift in Sources */,
				8B0EFD0821960BF80024DAA2 /* ArtistCollectionViewCell.swift in Sources */,
				C8F56816221DA91A002182EA /* TrackDetailPresenter.swift in Sources */,
				C8F567E3221D5C99002182EA /* UIVIew.swift in Sources */,
				C8F5680E221D8458002182EA /* SuggestionsView.swift in Sources */,
				8B0CEE4321B54C2700C39C58 /* Entities.swift in Sources */,
				C8F56812221DA8A4002182EA /* TrackDetailProtocols.swift in Sources */,
				C8F567AB221C915D002182EA /* Artist.swift in Sources */,
				C8F56805221D8080002182EA /* Date.swift in Sources */,
				8B0EFD0A21960E5D0024DAA2 /* OlderTrackCollectionViewCell.swift in Sources */,
				C8F567F7221D60A3002182EA /* UIFont.swift in Sources */,
				C8F567A6221C9111002182EA /* EndPoint.swift in Sources */,
				C8F567A2221C9111002182EA /* Result.swift in Sources */,
				C8F567A4221C9111002182EA /* RequestErrors.swift in Sources */,
				C8F5680C221D843C002182EA /* SuggestionViewModel.swift in Sources */,
				C8F5681A221DA947002182EA /* TrackDetailRouter.swift in Sources */,
				C8F56814221DA90A002182EA /* TrackDetailViewController.swift in Sources */,
			);
			runOnlyForDeploymentPostprocessing = 0;
		};
		8BC33F5621944CDF00E3759C /* Sources */ = {
			isa = PBXSourcesBuildPhase;
			buildActionMask = 2147483647;
			files = (
				C8F567B0221C948A002182EA /* NetworkTests.swift in Sources */,
				C8F567C8221CAA1A002182EA /* SuggestionsTests.swift in Sources */,
			);
			runOnlyForDeploymentPostprocessing = 0;
		};
		8BC33F6121944CDF00E3759C /* Sources */ = {
			isa = PBXSourcesBuildPhase;
			buildActionMask = 2147483647;
			files = (
				8BC33F6A21944CDF00E3759C /* ABA_MusicUITests.swift in Sources */,
			);
			runOnlyForDeploymentPostprocessing = 0;
		};
/* End PBXSourcesBuildPhase section */

/* Begin PBXTargetDependency section */
		8BC33F5C21944CDF00E3759C /* PBXTargetDependency */ = {
			isa = PBXTargetDependency;
			target = 8BC33F4521944CDE00E3759C /* ABA Music */;
			targetProxy = 8BC33F5B21944CDF00E3759C /* PBXContainerItemProxy */;
		};
		8BC33F6721944CDF00E3759C /* PBXTargetDependency */ = {
			isa = PBXTargetDependency;
			target = 8BC33F4521944CDE00E3759C /* ABA Music */;
			targetProxy = 8BC33F6621944CDF00E3759C /* PBXContainerItemProxy */;
		};
/* End PBXTargetDependency section */

/* Begin PBXVariantGroup section */
		8BC33F5221944CDF00E3759C /* LaunchScreen.storyboard */ = {
			isa = PBXVariantGroup;
			children = (
				8BC33F5321944CDF00E3759C /* Base */,
			);
			name = LaunchScreen.storyboard;
			sourceTree = "<group>";
		};
/* End PBXVariantGroup section */

/* Begin XCBuildConfiguration section */
		8BC33F6C21944CDF00E3759C /* Debug */ = {
			isa = XCBuildConfiguration;
			buildSettings = {
				ALWAYS_SEARCH_USER_PATHS = NO;
				CLANG_ANALYZER_NONNULL = YES;
				CLANG_ANALYZER_NUMBER_OBJECT_CONVERSION = YES_AGGRESSIVE;
				CLANG_CXX_LANGUAGE_STANDARD = "gnu++14";
				CLANG_CXX_LIBRARY = "libc++";
				CLANG_ENABLE_MODULES = YES;
				CLANG_ENABLE_OBJC_ARC = YES;
				CLANG_ENABLE_OBJC_WEAK = YES;
				CLANG_WARN_BLOCK_CAPTURE_AUTORELEASING = YES;
				CLANG_WARN_BOOL_CONVERSION = YES;
				CLANG_WARN_COMMA = YES;
				CLANG_WARN_CONSTANT_CONVERSION = YES;
				CLANG_WARN_DEPRECATED_OBJC_IMPLEMENTATIONS = YES;
				CLANG_WARN_DIRECT_OBJC_ISA_USAGE = YES_ERROR;
				CLANG_WARN_DOCUMENTATION_COMMENTS = YES;
				CLANG_WARN_EMPTY_BODY = YES;
				CLANG_WARN_ENUM_CONVERSION = YES;
				CLANG_WARN_INFINITE_RECURSION = YES;
				CLANG_WARN_INT_CONVERSION = YES;
				CLANG_WARN_NON_LITERAL_NULL_CONVERSION = YES;
				CLANG_WARN_OBJC_IMPLICIT_RETAIN_SELF = YES;
				CLANG_WARN_OBJC_LITERAL_CONVERSION = YES;
				CLANG_WARN_OBJC_ROOT_CLASS = YES_ERROR;
				CLANG_WARN_RANGE_LOOP_ANALYSIS = YES;
				CLANG_WARN_STRICT_PROTOTYPES = YES;
				CLANG_WARN_SUSPICIOUS_MOVE = YES;
				CLANG_WARN_UNGUARDED_AVAILABILITY = YES_AGGRESSIVE;
				CLANG_WARN_UNREACHABLE_CODE = YES;
				CLANG_WARN__DUPLICATE_METHOD_MATCH = YES;
				CODE_SIGN_IDENTITY = "iPhone Developer";
				COPY_PHASE_STRIP = NO;
				DEBUG_INFORMATION_FORMAT = dwarf;
				ENABLE_STRICT_OBJC_MSGSEND = YES;
				ENABLE_TESTABILITY = YES;
				GCC_C_LANGUAGE_STANDARD = gnu11;
				GCC_DYNAMIC_NO_PIC = NO;
				GCC_NO_COMMON_BLOCKS = YES;
				GCC_OPTIMIZATION_LEVEL = 0;
				GCC_PREPROCESSOR_DEFINITIONS = (
					"DEBUG=1",
					"$(inherited)",
				);
				GCC_WARN_64_TO_32_BIT_CONVERSION = YES;
				GCC_WARN_ABOUT_RETURN_TYPE = YES_ERROR;
				GCC_WARN_UNDECLARED_SELECTOR = YES;
				GCC_WARN_UNINITIALIZED_AUTOS = YES_AGGRESSIVE;
				GCC_WARN_UNUSED_FUNCTION = YES;
				GCC_WARN_UNUSED_VARIABLE = YES;
				IPHONEOS_DEPLOYMENT_TARGET = 12.1;
				MTL_ENABLE_DEBUG_INFO = INCLUDE_SOURCE;
				MTL_FAST_MATH = YES;
				ONLY_ACTIVE_ARCH = YES;
				SDKROOT = iphoneos;
				SWIFT_ACTIVE_COMPILATION_CONDITIONS = DEBUG;
				SWIFT_OPTIMIZATION_LEVEL = "-Onone";
			};
			name = Debug;
		};
		8BC33F6D21944CDF00E3759C /* Release */ = {
			isa = XCBuildConfiguration;
			buildSettings = {
				ALWAYS_SEARCH_USER_PATHS = NO;
				CLANG_ANALYZER_NONNULL = YES;
				CLANG_ANALYZER_NUMBER_OBJECT_CONVERSION = YES_AGGRESSIVE;
				CLANG_CXX_LANGUAGE_STANDARD = "gnu++14";
				CLANG_CXX_LIBRARY = "libc++";
				CLANG_ENABLE_MODULES = YES;
				CLANG_ENABLE_OBJC_ARC = YES;
				CLANG_ENABLE_OBJC_WEAK = YES;
				CLANG_WARN_BLOCK_CAPTURE_AUTORELEASING = YES;
				CLANG_WARN_BOOL_CONVERSION = YES;
				CLANG_WARN_COMMA = YES;
				CLANG_WARN_CONSTANT_CONVERSION = YES;
				CLANG_WARN_DEPRECATED_OBJC_IMPLEMENTATIONS = YES;
				CLANG_WARN_DIRECT_OBJC_ISA_USAGE = YES_ERROR;
				CLANG_WARN_DOCUMENTATION_COMMENTS = YES;
				CLANG_WARN_EMPTY_BODY = YES;
				CLANG_WARN_ENUM_CONVERSION = YES;
				CLANG_WARN_INFINITE_RECURSION = YES;
				CLANG_WARN_INT_CONVERSION = YES;
				CLANG_WARN_NON_LITERAL_NULL_CONVERSION = YES;
				CLANG_WARN_OBJC_IMPLICIT_RETAIN_SELF = YES;
				CLANG_WARN_OBJC_LITERAL_CONVERSION = YES;
				CLANG_WARN_OBJC_ROOT_CLASS = YES_ERROR;
				CLANG_WARN_RANGE_LOOP_ANALYSIS = YES;
				CLANG_WARN_STRICT_PROTOTYPES = YES;
				CLANG_WARN_SUSPICIOUS_MOVE = YES;
				CLANG_WARN_UNGUARDED_AVAILABILITY = YES_AGGRESSIVE;
				CLANG_WARN_UNREACHABLE_CODE = YES;
				CLANG_WARN__DUPLICATE_METHOD_MATCH = YES;
				CODE_SIGN_IDENTITY = "iPhone Developer";
				COPY_PHASE_STRIP = NO;
				DEBUG_INFORMATION_FORMAT = "dwarf-with-dsym";
				ENABLE_NS_ASSERTIONS = NO;
				ENABLE_STRICT_OBJC_MSGSEND = YES;
				GCC_C_LANGUAGE_STANDARD = gnu11;
				GCC_NO_COMMON_BLOCKS = YES;
				GCC_WARN_64_TO_32_BIT_CONVERSION = YES;
				GCC_WARN_ABOUT_RETURN_TYPE = YES_ERROR;
				GCC_WARN_UNDECLARED_SELECTOR = YES;
				GCC_WARN_UNINITIALIZED_AUTOS = YES_AGGRESSIVE;
				GCC_WARN_UNUSED_FUNCTION = YES;
				GCC_WARN_UNUSED_VARIABLE = YES;
				IPHONEOS_DEPLOYMENT_TARGET = 12.1;
				MTL_ENABLE_DEBUG_INFO = NO;
				MTL_FAST_MATH = YES;
				SDKROOT = iphoneos;
				SWIFT_COMPILATION_MODE = wholemodule;
				SWIFT_OPTIMIZATION_LEVEL = "-O";
				VALIDATE_PRODUCT = YES;
			};
			name = Release;
		};
		8BC33F6F21944CDF00E3759C /* Debug */ = {
			isa = XCBuildConfiguration;
			baseConfigurationReference = 71DEC0EE01917AA36C5F79A0 /* Pods-ABA Music.debug.xcconfig */;
			buildSettings = {
				ASSETCATALOG_COMPILER_APPICON_NAME = AppIcon;
				CLANG_ENABLE_MODULES = YES;
				CODE_SIGN_STYLE = Automatic;
				DEVELOPMENT_TEAM = "";
				INFOPLIST_FILE = "ABA Music/Info.plist";
				LD_RUNPATH_SEARCH_PATHS = (
					"$(inherited)",
					"@executable_path/Frameworks",
				);
				PRODUCT_BUNDLE_IDENTIFIER = "com.abaenglish.ABA-Music";
				PRODUCT_NAME = "$(TARGET_NAME)";
				SWIFT_OBJC_BRIDGING_HEADER = "ABA Music/ABA-Bridging-Header.h";
				SWIFT_OPTIMIZATION_LEVEL = "-Onone";
				SWIFT_VERSION = 4.2;
				TARGETED_DEVICE_FAMILY = "1,2";
			};
			name = Debug;
		};
		8BC33F7021944CDF00E3759C /* Release */ = {
			isa = XCBuildConfiguration;
			baseConfigurationReference = 8128708AB1E783950E2487E6 /* Pods-ABA Music.release.xcconfig */;
			buildSettings = {
				ASSETCATALOG_COMPILER_APPICON_NAME = AppIcon;
				CLANG_ENABLE_MODULES = YES;
				CODE_SIGN_STYLE = Automatic;
				DEVELOPMENT_TEAM = "";
				INFOPLIST_FILE = "ABA Music/Info.plist";
				LD_RUNPATH_SEARCH_PATHS = (
					"$(inherited)",
					"@executable_path/Frameworks",
				);
				PRODUCT_BUNDLE_IDENTIFIER = "com.abaenglish.ABA-Music";
				PRODUCT_NAME = "$(TARGET_NAME)";
				SWIFT_OBJC_BRIDGING_HEADER = "ABA Music/ABA-Bridging-Header.h";
				SWIFT_VERSION = 4.2;
				TARGETED_DEVICE_FAMILY = "1,2";
			};
			name = Release;
		};
		8BC33F7221944CDF00E3759C /* Debug */ = {
			isa = XCBuildConfiguration;
			baseConfigurationReference = 5559EF89746914D3CD9937D8 /* Pods-ABA MusicTests.debug.xcconfig */;
			buildSettings = {
				ALWAYS_EMBED_SWIFT_STANDARD_LIBRARIES = YES;
				BUNDLE_LOADER = "$(TEST_HOST)";
				CODE_SIGN_STYLE = Automatic;
				INFOPLIST_FILE = "ABA MusicTests/Info.plist";
				LD_RUNPATH_SEARCH_PATHS = (
					"$(inherited)",
					"@executable_path/Frameworks",
					"@loader_path/Frameworks",
				);
				PRODUCT_BUNDLE_IDENTIFIER = "com.abaenglish.ABA-MusicTests";
				PRODUCT_NAME = "$(TARGET_NAME)";
				SWIFT_VERSION = 4.2;
				TARGETED_DEVICE_FAMILY = "1,2";
				TEST_HOST = "$(BUILT_PRODUCTS_DIR)/ABA Music.app/ABA Music";
			};
			name = Debug;
		};
		8BC33F7321944CDF00E3759C /* Release */ = {
			isa = XCBuildConfiguration;
			baseConfigurationReference = 581F2A21C841711C6B8A69A9 /* Pods-ABA MusicTests.release.xcconfig */;
			buildSettings = {
				ALWAYS_EMBED_SWIFT_STANDARD_LIBRARIES = YES;
				BUNDLE_LOADER = "$(TEST_HOST)";
				CODE_SIGN_STYLE = Automatic;
				INFOPLIST_FILE = "ABA MusicTests/Info.plist";
				LD_RUNPATH_SEARCH_PATHS = (
					"$(inherited)",
					"@executable_path/Frameworks",
					"@loader_path/Frameworks",
				);
				PRODUCT_BUNDLE_IDENTIFIER = "com.abaenglish.ABA-MusicTests";
				PRODUCT_NAME = "$(TARGET_NAME)";
				SWIFT_VERSION = 4.2;
				TARGETED_DEVICE_FAMILY = "1,2";
				TEST_HOST = "$(BUILT_PRODUCTS_DIR)/ABA Music.app/ABA Music";
			};
			name = Release;
		};
		8BC33F7521944CDF00E3759C /* Debug */ = {
			isa = XCBuildConfiguration;
			buildSettings = {
				ALWAYS_EMBED_SWIFT_STANDARD_LIBRARIES = YES;
				CODE_SIGN_STYLE = Automatic;
				INFOPLIST_FILE = "ABA MusicUITests/Info.plist";
				LD_RUNPATH_SEARCH_PATHS = (
					"$(inherited)",
					"@executable_path/Frameworks",
					"@loader_path/Frameworks",
				);
				PRODUCT_BUNDLE_IDENTIFIER = "com.abaenglish.ABA-MusicUITests";
				PRODUCT_NAME = "$(TARGET_NAME)";
				SWIFT_VERSION = 4.2;
				TARGETED_DEVICE_FAMILY = "1,2";
				TEST_TARGET_NAME = "ABA Music";
			};
			name = Debug;
		};
		8BC33F7621944CDF00E3759C /* Release */ = {
			isa = XCBuildConfiguration;
			buildSettings = {
				ALWAYS_EMBED_SWIFT_STANDARD_LIBRARIES = YES;
				CODE_SIGN_STYLE = Automatic;
				INFOPLIST_FILE = "ABA MusicUITests/Info.plist";
				LD_RUNPATH_SEARCH_PATHS = (
					"$(inherited)",
					"@executable_path/Frameworks",
					"@loader_path/Frameworks",
				);
				PRODUCT_BUNDLE_IDENTIFIER = "com.abaenglish.ABA-MusicUITests";
				PRODUCT_NAME = "$(TARGET_NAME)";
				SWIFT_VERSION = 4.2;
				TARGETED_DEVICE_FAMILY = "1,2";
				TEST_TARGET_NAME = "ABA Music";
			};
			name = Release;
		};
/* End XCBuildConfiguration section */

/* Begin XCConfigurationList section */
		8BC33F4121944CDE00E3759C /* Build configuration list for PBXProject "ABA Music" */ = {
			isa = XCConfigurationList;
			buildConfigurations = (
				8BC33F6C21944CDF00E3759C /* Debug */,
				8BC33F6D21944CDF00E3759C /* Release */,
			);
			defaultConfigurationIsVisible = 0;
			defaultConfigurationName = Release;
		};
		8BC33F6E21944CDF00E3759C /* Build configuration list for PBXNativeTarget "ABA Music" */ = {
			isa = XCConfigurationList;
			buildConfigurations = (
				8BC33F6F21944CDF00E3759C /* Debug */,
				8BC33F7021944CDF00E3759C /* Release */,
			);
			defaultConfigurationIsVisible = 0;
			defaultConfigurationName = Release;
		};
		8BC33F7121944CDF00E3759C /* Build configuration list for PBXNativeTarget "ABA MusicTests" */ = {
			isa = XCConfigurationList;
			buildConfigurations = (
				8BC33F7221944CDF00E3759C /* Debug */,
				8BC33F7321944CDF00E3759C /* Release */,
			);
			defaultConfigurationIsVisible = 0;
			defaultConfigurationName = Release;
		};
		8BC33F7421944CDF00E3759C /* Build configuration list for PBXNativeTarget "ABA MusicUITests" */ = {
			isa = XCConfigurationList;
			buildConfigurations = (
				8BC33F7521944CDF00E3759C /* Debug */,
				8BC33F7621944CDF00E3759C /* Release */,
			);
			defaultConfigurationIsVisible = 0;
			defaultConfigurationName = Release;
		};
/* End XCConfigurationList section */
	};
	rootObject = 8BC33F3E21944CDE00E3759C /* Project object */;
}
